
Microsoft Visual Studio Solution File, Format Version 12.00
# Visual Studio Version 17
VisualStudioVersion = 17.6.33723.286
MinimumVisualStudioVersion = 10.0.40219.1
Project("{FAE04EC0-301F-11D3-BF4B-00C04F79EFBC}") = "Epica.Web.Operacion", "Epica.Web.Operacion\Epica.Web.Operacion.csproj", "{BF5425E3-7ED7-430A-8D0B-C553B93F44A5}"
EndProject
Global
	GlobalSection(SolutionConfigurationPlatforms) = preSolution
		Debug|Any CPU = Debug|Any CPU
		Release|Any CPU = Release|Any CPU
	EndGlobalSection
	GlobalSection(ProjectConfigurationPlatforms) = postSolution
		{BF5425E3-7ED7-430A-8D0B-C553B93F44A5}.Debug|Any CPU.ActiveCfg = Debug|Any CPU
		{BF5425E3-7ED7-430A-8D0B-C553B93F44A5}.Debug|Any CPU.Build.0 = Debug|Any CPU
		{BF5425E3-7ED7-430A-8D0B-C553B93F44A5}.Release|Any CPU.ActiveCfg = Release|Any CPU
		{BF5425E3-7ED7-430A-8D0B-C553B93F44A5}.Release|Any CPU.Build.0 = Release|Any CPU
	EndGlobalSection
	GlobalSection(SolutionProperties) = preSolution
		HideSolutionNode = FALSE
	EndGlobalSection
	GlobalSection(ExtensibilityGlobals) = postSolution
		SolutionGuid = {E691B0E0-03E6-4694-9121-6D04AAA8CBFD}
	EndGlobalSection
EndGlobal
